// !$*UTF8*$!
{
	archiveVersion = 1;
	classes = {
	};
	objectVersion = 55;
	objects = {

/* Begin PBXBuildFile section */
		05A4FBAC293B0C9600E50F68 /* AppDelegate.swift in Sources */ = {isa = PBXBuildFile; fileRef = 05A4FBAB293B0C9600E50F68 /* AppDelegate.swift */; };
		05A4FBAE293B0C9600E50F68 /* SceneDelegate.swift in Sources */ = {isa = PBXBuildFile; fileRef = 05A4FBAD293B0C9600E50F68 /* SceneDelegate.swift */; };
		05A4FBB0293B0C9600E50F68 /* ViewController.swift in Sources */ = {isa = PBXBuildFile; fileRef = 05A4FBAF293B0C9600E50F68 /* ViewController.swift */; };
		05A4FBB3293B0C9700E50F68 /* Main.storyboard in Resources */ = {isa = PBXBuildFile; fileRef = 05A4FBB1293B0C9700E50F68 /* Main.storyboard */; };
		05A4FBB5293B0C9800E50F68 /* Assets.xcassets in Resources */ = {isa = PBXBuildFile; fileRef = 05A4FBB4293B0C9800E50F68 /* Assets.xcassets */; };
		05A4FBB8293B0C9800E50F68 /* LaunchScreen.storyboard in Resources */ = {isa = PBXBuildFile; fileRef = 05A4FBB6293B0C9800E50F68 /* LaunchScreen.storyboard */; };
		05A4FBC3293B0C9800E50F68 /* WeatherRemoteFeedLoaderTest.swift in Sources */ = {isa = PBXBuildFile; fileRef = 05A4FBC2293B0C9800E50F68 /* WeatherRemoteFeedLoaderTest.swift */; };
		05A4FBCD293B0C9800E50F68 /* FaireWeatherUITests.swift in Sources */ = {isa = PBXBuildFile; fileRef = 05A4FBCC293B0C9800E50F68 /* FaireWeatherUITests.swift */; };
		05A4FBCF293B0C9800E50F68 /* FaireWeatherUITestsLaunchTests.swift in Sources */ = {isa = PBXBuildFile; fileRef = 05A4FBCE293B0C9800E50F68 /* FaireWeatherUITestsLaunchTests.swift */; };
		05A4FBDE293B0EF100E50F68 /* JsonFeed.rtf in Resources */ = {isa = PBXBuildFile; fileRef = 05A4FBDD293B0EF100E50F68 /* JsonFeed.rtf */; };
		05A4FBEF293B34F500E50F68 /* WeatherModel.swift in Sources */ = {isa = PBXBuildFile; fileRef = 05A4FBEE293B34F500E50F68 /* WeatherModel.swift */; };
		05A4FBF1293C359900E50F68 /* WeatherInfoDisplayViewModel.swift in Sources */ = {isa = PBXBuildFile; fileRef = 05A4FBF0293C359900E50F68 /* WeatherInfoDisplayViewModel.swift */; };
		05A4FBF3293C753300E50F68 /* WeatherRemoteFeedLoader.swift in Sources */ = {isa = PBXBuildFile; fileRef = 05A4FBF2293C753300E50F68 /* WeatherRemoteFeedLoader.swift */; };
		05A4FBF6293D736700E50F68 /* README.rtf in Resources */ = {isa = PBXBuildFile; fileRef = 05A4FBF5293D736700E50F68 /* README.rtf */; };
/* End PBXBuildFile section */

/* Begin PBXContainerItemProxy section */
		05A4FBBF293B0C9800E50F68 /* PBXContainerItemProxy */ = {
			isa = PBXContainerItemProxy;
			containerPortal = 05A4FBA0293B0C9600E50F68 /* Project object */;
			proxyType = 1;
			remoteGlobalIDString = 05A4FBA7293B0C9600E50F68;
			remoteInfo = FaireWeather;
		};
		05A4FBC9293B0C9800E50F68 /* PBXContainerItemProxy */ = {
			isa = PBXContainerItemProxy;
			containerPortal = 05A4FBA0293B0C9600E50F68 /* Project object */;
			proxyType = 1;
			remoteGlobalIDString = 05A4FBA7293B0C9600E50F68;
			remoteInfo = FaireWeather;
		};
/* End PBXContainerItemProxy section */

/* Begin PBXFileReference section */
		05A4FBA8293B0C9600E50F68 /* FaireWeather.app */ = {isa = PBXFileReference; explicitFileType = wrapper.application; includeInIndex = 0; path = FaireWeather.app; sourceTree = BUILT_PRODUCTS_DIR; };
		05A4FBAB293B0C9600E50F68 /* AppDelegate.swift */ = {isa = PBXFileReference; lastKnownFileType = sourcecode.swift; path = AppDelegate.swift; sourceTree = "<group>"; };
		05A4FBAD293B0C9600E50F68 /* SceneDelegate.swift */ = {isa = PBXFileReference; lastKnownFileType = sourcecode.swift; path = SceneDelegate.swift; sourceTree = "<group>"; };
		05A4FBAF293B0C9600E50F68 /* ViewController.swift */ = {isa = PBXFileReference; lastKnownFileType = sourcecode.swift; path = ViewController.swift; sourceTree = "<group>"; };
		05A4FBB2293B0C9700E50F68 /* Base */ = {isa = PBXFileReference; lastKnownFileType = file.storyboard; name = Base; path = Base.lproj/Main.storyboard; sourceTree = "<group>"; };
		05A4FBB4293B0C9800E50F68 /* Assets.xcassets */ = {isa = PBXFileReference; lastKnownFileType = folder.assetcatalog; path = Assets.xcassets; sourceTree = "<group>"; };
		05A4FBB7293B0C9800E50F68 /* Base */ = {isa = PBXFileReference; lastKnownFileType = file.storyboard; name = Base; path = Base.lproj/LaunchScreen.storyboard; sourceTree = "<group>"; };
		05A4FBB9293B0C9800E50F68 /* Info.plist */ = {isa = PBXFileReference; lastKnownFileType = text.plist.xml; path = Info.plist; sourceTree = "<group>"; };
		05A4FBBE293B0C9800E50F68 /* FaireWeatherTests.xctest */ = {isa = PBXFileReference; explicitFileType = wrapper.cfbundle; includeInIndex = 0; path = FaireWeatherTests.xctest; sourceTree = BUILT_PRODUCTS_DIR; };
		05A4FBC2293B0C9800E50F68 /* WeatherRemoteFeedLoaderTest.swift */ = {isa = PBXFileReference; lastKnownFileType = sourcecode.swift; path = WeatherRemoteFeedLoaderTest.swift; sourceTree = "<group>"; };
		05A4FBC8293B0C9800E50F68 /* FaireWeatherUITests.xctest */ = {isa = PBXFileReference; explicitFileType = wrapper.cfbundle; includeInIndex = 0; path = FaireWeatherUITests.xctest; sourceTree = BUILT_PRODUCTS_DIR; };
		05A4FBCC293B0C9800E50F68 /* FaireWeatherUITests.swift */ = {isa = PBXFileReference; lastKnownFileType = sourcecode.swift; path = FaireWeatherUITests.swift; sourceTree = "<group>"; };
		05A4FBCE293B0C9800E50F68 /* FaireWeatherUITestsLaunchTests.swift */ = {isa = PBXFileReference; lastKnownFileType = sourcecode.swift; path = FaireWeatherUITestsLaunchTests.swift; sourceTree = "<group>"; };
		05A4FBDD293B0EF100E50F68 /* JsonFeed.rtf */ = {isa = PBXFileReference; lastKnownFileType = text.rtf; path = JsonFeed.rtf; sourceTree = "<group>"; };
		05A4FBEE293B34F500E50F68 /* WeatherModel.swift */ = {isa = PBXFileReference; lastKnownFileType = sourcecode.swift; path = WeatherModel.swift; sourceTree = "<group>"; };
		05A4FBF0293C359900E50F68 /* WeatherInfoDisplayViewModel.swift */ = {isa = PBXFileReference; lastKnownFileType = sourcecode.swift; path = WeatherInfoDisplayViewModel.swift; sourceTree = "<group>"; };
		05A4FBF2293C753300E50F68 /* WeatherRemoteFeedLoader.swift */ = {isa = PBXFileReference; lastKnownFileType = sourcecode.swift; path = WeatherRemoteFeedLoader.swift; sourceTree = "<group>"; };
		05A4FBF5293D736700E50F68 /* README.rtf */ = {isa = PBXFileReference; lastKnownFileType = text.rtf; path = README.rtf; sourceTree = "<group>"; };
/* End PBXFileReference section */

/* Begin PBXFrameworksBuildPhase section */
		05A4FBA5293B0C9600E50F68 /* Frameworks */ = {
			isa = PBXFrameworksBuildPhase;
			buildActionMask = 2147483647;
			files = (
			);
			runOnlyForDeploymentPostprocessing = 0;
		};
		05A4FBBB293B0C9800E50F68 /* Frameworks */ = {
			isa = PBXFrameworksBuildPhase;
			buildActionMask = 2147483647;
			files = (
			);
			runOnlyForDeploymentPostprocessing = 0;
		};
		05A4FBC5293B0C9800E50F68 /* Frameworks */ = {
			isa = PBXFrameworksBuildPhase;
			buildActionMask = 2147483647;
			files = (
			);
			runOnlyForDeploymentPostprocessing = 0;
		};
/* End PBXFrameworksBuildPhase section */

/* Begin PBXGroup section */
		05A4FB9F293B0C9600E50F68 = {
			isa = PBXGroup;
			children = (
				05A4FBAA293B0C9600E50F68 /* FaireWeather */,
				05A4FBC1293B0C9800E50F68 /* FaireWeatherTests */,
				05A4FBCB293B0C9800E50F68 /* FaireWeatherUITests */,
				05A4FBA9293B0C9600E50F68 /* Products */,
			);
			sourceTree = "<group>";
		};
		05A4FBA9293B0C9600E50F68 /* Products */ = {
			isa = PBXGroup;
			children = (
				05A4FBA8293B0C9600E50F68 /* FaireWeather.app */,
				05A4FBBE293B0C9800E50F68 /* FaireWeatherTests.xctest */,
				05A4FBC8293B0C9800E50F68 /* FaireWeatherUITests.xctest */,
			);
			name = Products;
			sourceTree = "<group>";
		};
		05A4FBAA293B0C9600E50F68 /* FaireWeather */ = {
			isa = PBXGroup;
			children = (
				05A4FBF5293D736700E50F68 /* README.rtf */,
				05A4FBE9293B345600E50F68 /* API Services */,
				05A4FBEA293B348500E50F68 /* Model */,
				05A4FBEB293B349300E50F68 /* View Model */,
				05A4FBF4293D6F3A00E50F68 /* View */,
				05A4FBAB293B0C9600E50F68 /* AppDelegate.swift */,
				05A4FBAD293B0C9600E50F68 /* SceneDelegate.swift */,
				05A4FBB4293B0C9800E50F68 /* Assets.xcassets */,
				05A4FBB6293B0C9800E50F68 /* LaunchScreen.storyboard */,
				05A4FBB9293B0C9800E50F68 /* Info.plist */,
			);
			path = FaireWeather;
			sourceTree = "<group>";
		};
		05A4FBC1293B0C9800E50F68 /* FaireWeatherTests */ = {
			isa = PBXGroup;
			children = (
				05A4FBC2293B0C9800E50F68 /* WeatherRemoteFeedLoaderTest.swift */,
			);
			path = FaireWeatherTests;
			sourceTree = "<group>";
		};
		05A4FBCB293B0C9800E50F68 /* FaireWeatherUITests */ = {
			isa = PBXGroup;
			children = (
				05A4FBCC293B0C9800E50F68 /* FaireWeatherUITests.swift */,
				05A4FBCE293B0C9800E50F68 /* FaireWeatherUITestsLaunchTests.swift */,
			);
			path = FaireWeatherUITests;
			sourceTree = "<group>";
		};
		05A4FBE9293B345600E50F68 /* API Services */ = {
			isa = PBXGroup;
			children = (
				05A4FBF2293C753300E50F68 /* WeatherRemoteFeedLoader.swift */,
			);
			path = "API Services";
			sourceTree = "<group>";
		};
		05A4FBEA293B348500E50F68 /* Model */ = {
			isa = PBXGroup;
			children = (
				05A4FBEE293B34F500E50F68 /* WeatherModel.swift */,
				05A4FBDD293B0EF100E50F68 /* JsonFeed.rtf */,
			);
			path = Model;
			sourceTree = "<group>";
		};
		05A4FBEB293B349300E50F68 /* View Model */ = {
			isa = PBXGroup;
			children = (
				05A4FBF0293C359900E50F68 /* WeatherInfoDisplayViewModel.swift */,
			);
			path = "View Model";
			sourceTree = "<group>";
		};
		05A4FBF4293D6F3A00E50F68 /* View */ = {
			isa = PBXGroup;
			children = (
				05A4FBAF293B0C9600E50F68 /* ViewController.swift */,
				05A4FBB1293B0C9700E50F68 /* Main.storyboard */,
			);
			path = View;
			sourceTree = "<group>";
		};
/* End PBXGroup section */

/* Begin PBXNativeTarget section */
		05A4FBA7293B0C9600E50F68 /* FaireWeather */ = {
			isa = PBXNativeTarget;
			buildConfigurationList = 05A4FBD2293B0C9800E50F68 /* Build configuration list for PBXNativeTarget "FaireWeather" */;
			buildPhases = (
				05A4FBA4293B0C9600E50F68 /* Sources */,
				05A4FBA5293B0C9600E50F68 /* Frameworks */,
				05A4FBA6293B0C9600E50F68 /* Resources */,
			);
			buildRules = (
			);
			dependencies = (
			);
			name = FaireWeather;
			productName = FaireWeather;
			productReference = 05A4FBA8293B0C9600E50F68 /* FaireWeather.app */;
			productType = "com.apple.product-type.application";
		};
		05A4FBBD293B0C9800E50F68 /* FaireWeatherTests */ = {
			isa = PBXNativeTarget;
			buildConfigurationList = 05A4FBD5293B0C9800E50F68 /* Build configuration list for PBXNativeTarget "FaireWeatherTests" */;
			buildPhases = (
				05A4FBBA293B0C9800E50F68 /* Sources */,
				05A4FBBB293B0C9800E50F68 /* Frameworks */,
				05A4FBBC293B0C9800E50F68 /* Resources */,
			);
			buildRules = (
			);
			dependencies = (
				05A4FBC0293B0C9800E50F68 /* PBXTargetDependency */,
			);
			name = FaireWeatherTests;
			productName = FaireWeatherTests;
			productReference = 05A4FBBE293B0C9800E50F68 /* FaireWeatherTests.xctest */;
			productType = "com.apple.product-type.bundle.unit-test";
		};
		05A4FBC7293B0C9800E50F68 /* FaireWeatherUITests */ = {
			isa = PBXNativeTarget;
			buildConfigurationList = 05A4FBD8293B0C9800E50F68 /* Build configuration list for PBXNativeTarget "FaireWeatherUITests" */;
			buildPhases = (
				05A4FBC4293B0C9800E50F68 /* Sources */,
				05A4FBC5293B0C9800E50F68 /* Frameworks */,
				05A4FBC6293B0C9800E50F68 /* Resources */,
			);
			buildRules = (
			);
			dependencies = (
				05A4FBCA293B0C9800E50F68 /* PBXTargetDependency */,
			);
			name = FaireWeatherUITests;
			productName = FaireWeatherUITests;
			productReference = 05A4FBC8293B0C9800E50F68 /* FaireWeatherUITests.xctest */;
			productType = "com.apple.product-type.bundle.ui-testing";
		};
/* End PBXNativeTarget section */

/* Begin PBXProject section */
		05A4FBA0293B0C9600E50F68 /* Project object */ = {
			isa = PBXProject;
			attributes = {
				BuildIndependentTargetsInParallel = 1;
				LastSwiftUpdateCheck = 1340;
				LastUpgradeCheck = 1340;
				TargetAttributes = {
					05A4FBA7293B0C9600E50F68 = {
						CreatedOnToolsVersion = 13.4.1;
					};
					05A4FBBD293B0C9800E50F68 = {
						CreatedOnToolsVersion = 13.4.1;
						TestTargetID = 05A4FBA7293B0C9600E50F68;
					};
					05A4FBC7293B0C9800E50F68 = {
						CreatedOnToolsVersion = 13.4.1;
						TestTargetID = 05A4FBA7293B0C9600E50F68;
					};
				};
			};
			buildConfigurationList = 05A4FBA3293B0C9600E50F68 /* Build configuration list for PBXProject "FaireWeather" */;
			compatibilityVersion = "Xcode 13.0";
			developmentRegion = en;
			hasScannedForEncodings = 0;
			knownRegions = (
				en,
				Base,
			);
			mainGroup = 05A4FB9F293B0C9600E50F68;
			productRefGroup = 05A4FBA9293B0C9600E50F68 /* Products */;
			projectDirPath = "";
			projectRoot = "";
			targets = (
				05A4FBA7293B0C9600E50F68 /* FaireWeather */,
				05A4FBBD293B0C9800E50F68 /* FaireWeatherTests */,
				05A4FBC7293B0C9800E50F68 /* FaireWeatherUITests */,
			);
		};
/* End PBXProject section */

/* Begin PBXResourcesBuildPhase section */
		05A4FBA6293B0C9600E50F68 /* Resources */ = {
			isa = PBXResourcesBuildPhase;
			buildActionMask = 2147483647;
			files = (
				05A4FBB8293B0C9800E50F68 /* LaunchScreen.storyboard in Resources */,
				05A4FBB5293B0C9800E50F68 /* Assets.xcassets in Resources */,
				05A4FBDE293B0EF100E50F68 /* JsonFeed.rtf in Resources */,
				05A4FBB3293B0C9700E50F68 /* Main.storyboard in Resources */,
				05A4FBF6293D736700E50F68 /* README.rtf in Resources */,
			);
			runOnlyForDeploymentPostprocessing = 0;
		};
		05A4FBBC293B0C9800E50F68 /* Resources */ = {
			isa = PBXResourcesBuildPhase;
			buildActionMask = 2147483647;
			files = (
			);
			runOnlyForDeploymentPostprocessing = 0;
		};
		05A4FBC6293B0C9800E50F68 /* Resources */ = {
			isa = PBXResourcesBuildPhase;
			buildActionMask = 2147483647;
			files = (
			);
			runOnlyForDeploymentPostprocessing = 0;
		};
/* End PBXResourcesBuildPhase section */

/* Begin PBXSourcesBuildPhase section */
		05A4FBA4293B0C9600E50F68 /* Sources */ = {
			isa = PBXSourcesBuildPhase;
			buildActionMask = 2147483647;
			files = (
				05A4FBF1293C359900E50F68 /* WeatherInfoDisplayViewModel.swift in Sources */,
				05A4FBF3293C753300E50F68 /* WeatherRemoteFeedLoader.swift in Sources */,
				05A4FBB0293B0C9600E50F68 /* ViewController.swift in Sources */,
				05A4FBAC293B0C9600E50F68 /* AppDelegate.swift in Sources */,
				05A4FBEF293B34F500E50F68 /* WeatherModel.swift in Sources */,
				05A4FBAE293B0C9600E50F68 /* SceneDelegate.swift in Sources */,
			);
			runOnlyForDeploymentPostprocessing = 0;
		};
		05A4FBBA293B0C9800E50F68 /* Sources */ = {
			isa = PBXSourcesBuildPhase;
			buildActionMask = 2147483647;
			files = (
				05A4FBC3293B0C9800E50F68 /* WeatherRemoteFeedLoaderTest.swift in Sources */,
			);
			runOnlyForDeploymentPostprocessing = 0;
		};
		05A4FBC4293B0C9800E50F68 /* Sources */ = {
			isa = PBXSourcesBuildPhase;
			buildActionMask = 2147483647;
			files = (
				05A4FBCD293B0C9800E50F68 /* FaireWeatherUITests.swift in Sources */,
				05A4FBCF293B0C9800E50F68 /* FaireWeatherUITestsLaunchTests.swift in Sources */,
			);
			runOnlyForDeploymentPostprocessing = 0;
		};
/* End PBXSourcesBuildPhase section */

/* Begin PBXTargetDependency section */
		05A4FBC0293B0C9800E50F68 /* PBXTargetDependency */ = {
			isa = PBXTargetDependency;
			target = 05A4FBA7293B0C9600E50F68 /* FaireWeather */;
			targetProxy = 05A4FBBF293B0C9800E50F68 /* PBXContainerItemProxy */;
		};
		05A4FBCA293B0C9800E50F68 /* PBXTargetDependency */ = {
			isa = PBXTargetDependency;
			target = 05A4FBA7293B0C9600E50F68 /* FaireWeather */;
			targetProxy = 05A4FBC9293B0C9800E50F68 /* PBXContainerItemProxy */;
		};
/* End PBXTargetDependency section */

/* Begin PBXVariantGroup section */
		05A4FBB1293B0C9700E50F68 /* Main.storyboard */ = {
			isa = PBXVariantGroup;
			children = (
				05A4FBB2293B0C9700E50F68 /* Base */,
			);
			name = Main.storyboard;
			sourceTree = "<group>";
		};
		05A4FBB6293B0C9800E50F68 /* LaunchScreen.storyboard */ = {
			isa = PBXVariantGroup;
			children = (
				05A4FBB7293B0C9800E50F68 /* Base */,
			);
			name = LaunchScreen.storyboard;
			sourceTree = "<group>";
		};
/* End PBXVariantGroup section */

/* Begin XCBuildConfiguration section */
		05A4FBD0293B0C9800E50F68 /* Debug */ = {
			isa = XCBuildConfiguration;
			buildSettings = {
				ALWAYS_SEARCH_USER_PATHS = NO;
				CLANG_ANALYZER_NONNULL = YES;
				CLANG_ANALYZER_NUMBER_OBJECT_CONVERSION = YES_AGGRESSIVE;
				CLANG_CXX_LANGUAGE_STANDARD = "gnu++17";
				CLANG_ENABLE_MODULES = YES;
				CLANG_ENABLE_OBJC_ARC = YES;
				CLANG_ENABLE_OBJC_WEAK = YES;
				CLANG_WARN_BLOCK_CAPTURE_AUTORELEASING = YES;
				CLANG_WARN_BOOL_CONVERSION = YES;
				CLANG_WARN_COMMA = YES;
				CLANG_WARN_CONSTANT_CONVERSION = YES;
				CLANG_WARN_DEPRECATED_OBJC_IMPLEMENTATIONS = YES;
				CLANG_WARN_DIRECT_OBJC_ISA_USAGE = YES_ERROR;
				CLANG_WARN_DOCUMENTATION_COMMENTS = YES;
				CLANG_WARN_EMPTY_BODY = YES;
				CLANG_WARN_ENUM_CONVERSION = YES;
				CLANG_WARN_INFINITE_RECURSION = YES;
				CLANG_WARN_INT_CONVERSION = YES;
				CLANG_WARN_NON_LITERAL_NULL_CONVERSION = YES;
				CLANG_WARN_OBJC_IMPLICIT_RETAIN_SELF = YES;
				CLANG_WARN_OBJC_LITERAL_CONVERSION = YES;
				CLANG_WARN_OBJC_ROOT_CLASS = YES_ERROR;
				CLANG_WARN_QUOTED_INCLUDE_IN_FRAMEWORK_HEADER = YES;
				CLANG_WARN_RANGE_LOOP_ANALYSIS = YES;
				CLANG_WARN_STRICT_PROTOTYPES = YES;
				CLANG_WARN_SUSPICIOUS_MOVE = YES;
				CLANG_WARN_UNGUARDED_AVAILABILITY = YES_AGGRESSIVE;
				CLANG_WARN_UNREACHABLE_CODE = YES;
				CLANG_WARN__DUPLICATE_METHOD_MATCH = YES;
				COPY_PHASE_STRIP = NO;
				DEBUG_INFORMATION_FORMAT = dwarf;
				ENABLE_STRICT_OBJC_MSGSEND = YES;
				ENABLE_TESTABILITY = YES;
				GCC_C_LANGUAGE_STANDARD = gnu11;
				GCC_DYNAMIC_NO_PIC = NO;
				GCC_NO_COMMON_BLOCKS = YES;
				GCC_OPTIMIZATION_LEVEL = 0;
				GCC_PREPROCESSOR_DEFINITIONS = (
					"DEBUG=1",
					"$(inherited)",
				);
				GCC_WARN_64_TO_32_BIT_CONVERSION = YES;
				GCC_WARN_ABOUT_RETURN_TYPE = YES_ERROR;
				GCC_WARN_UNDECLARED_SELECTOR = YES;
				GCC_WARN_UNINITIALIZED_AUTOS = YES_AGGRESSIVE;
				GCC_WARN_UNUSED_FUNCTION = YES;
				GCC_WARN_UNUSED_VARIABLE = YES;
				IPHONEOS_DEPLOYMENT_TARGET = 15.5;
				MTL_ENABLE_DEBUG_INFO = INCLUDE_SOURCE;
				MTL_FAST_MATH = YES;
				ONLY_ACTIVE_ARCH = YES;
				SDKROOT = iphoneos;
				SWIFT_ACTIVE_COMPILATION_CONDITIONS = DEBUG;
				SWIFT_OPTIMIZATION_LEVEL = "-Onone";
			};
			name = Debug;
		};
		05A4FBD1293B0C9800E50F68 /* Release */ = {
			isa = XCBuildConfiguration;
			buildSettings = {
				ALWAYS_SEARCH_USER_PATHS = NO;
				CLANG_ANALYZER_NONNULL = YES;
				CLANG_ANALYZER_NUMBER_OBJECT_CONVERSION = YES_AGGRESSIVE;
				CLANG_CXX_LANGUAGE_STANDARD = "gnu++17";
				CLANG_ENABLE_MODULES = YES;
				CLANG_ENABLE_OBJC_ARC = YES;
				CLANG_ENABLE_OBJC_WEAK = YES;
				CLANG_WARN_BLOCK_CAPTURE_AUTORELEASING = YES;
				CLANG_WARN_BOOL_CONVERSION = YES;
				CLANG_WARN_COMMA = YES;
				CLANG_WARN_CONSTANT_CONVERSION = YES;
				CLANG_WARN_DEPRECATED_OBJC_IMPLEMENTATIONS = YES;
				CLANG_WARN_DIRECT_OBJC_ISA_USAGE = YES_ERROR;
				CLANG_WARN_DOCUMENTATION_COMMENTS = YES;
				CLANG_WARN_EMPTY_BODY = YES;
				CLANG_WARN_ENUM_CONVERSION = YES;
				CLANG_WARN_INFINITE_RECURSION = YES;
				CLANG_WARN_INT_CONVERSION = YES;
				CLANG_WARN_NON_LITERAL_NULL_CONVERSION = YES;
				CLANG_WARN_OBJC_IMPLICIT_RETAIN_SELF = YES;
				CLANG_WARN_OBJC_LITERAL_CONVERSION = YES;
				CLANG_WARN_OBJC_ROOT_CLASS = YES_ERROR;
				CLANG_WARN_QUOTED_INCLUDE_IN_FRAMEWORK_HEADER = YES;
				CLANG_WARN_RANGE_LOOP_ANALYSIS = YES;
				CLANG_WARN_STRICT_PROTOTYPES = YES;
				CLANG_WARN_SUSPICIOUS_MOVE = YES;
				CLANG_WARN_UNGUARDED_AVAILABILITY = YES_AGGRESSIVE;
				CLANG_WARN_UNREACHABLE_CODE = YES;
				CLANG_WARN__DUPLICATE_METHOD_MATCH = YES;
				COPY_PHASE_STRIP = NO;
				DEBUG_INFORMATION_FORMAT = "dwarf-with-dsym";
				ENABLE_NS_ASSERTIONS = NO;
				ENABLE_STRICT_OBJC_MSGSEND = YES;
				GCC_C_LANGUAGE_STANDARD = gnu11;
				GCC_NO_COMMON_BLOCKS = YES;
				GCC_WARN_64_TO_32_BIT_CONVERSION = YES;
				GCC_WARN_ABOUT_RETURN_TYPE = YES_ERROR;
				GCC_WARN_UNDECLARED_SELECTOR = YES;
				GCC_WARN_UNINITIALIZED_AUTOS = YES_AGGRESSIVE;
				GCC_WARN_UNUSED_FUNCTION = YES;
				GCC_WARN_UNUSED_VARIABLE = YES;
				IPHONEOS_DEPLOYMENT_TARGET = 15.5;
				MTL_ENABLE_DEBUG_INFO = NO;
				MTL_FAST_MATH = YES;
				SDKROOT = iphoneos;
				SWIFT_COMPILATION_MODE = wholemodule;
				SWIFT_OPTIMIZATION_LEVEL = "-O";
				VALIDATE_PRODUCT = YES;
			};
			name = Release;
		};
		05A4FBD3293B0C9800E50F68 /* Debug */ = {
			isa = XCBuildConfiguration;
			buildSettings = {
				ASSETCATALOG_COMPILER_APPICON_NAME = AppIcon;
				ASSETCATALOG_COMPILER_GLOBAL_ACCENT_COLOR_NAME = AccentColor;
				CODE_SIGN_STYLE = Automatic;
				CURRENT_PROJECT_VERSION = 1;
				GENERATE_INFOPLIST_FILE = YES;
				INFOPLIST_FILE = FaireWeather/Info.plist;
				INFOPLIST_KEY_UIApplicationSupportsIndirectInputEvents = YES;
				INFOPLIST_KEY_UILaunchStoryboardName = LaunchScreen;
				INFOPLIST_KEY_UIMainStoryboardFile = Main;
				INFOPLIST_KEY_UISupportedInterfaceOrientations_iPad = "UIInterfaceOrientationPortrait UIInterfaceOrientationPortraitUpsideDown UIInterfaceOrientationLandscapeLeft UIInterfaceOrientationLandscapeRight";
				INFOPLIST_KEY_UISupportedInterfaceOrientations_iPhone = "UIInterfaceOrientationPortrait UIInterfaceOrientationLandscapeLeft UIInterfaceOrientationLandscapeRight";
				LD_RUNPATH_SEARCH_PATHS = (
					"$(inherited)",
					"@executable_path/Frameworks",
				);
				MARKETING_VERSION = 1.0;
				PRODUCT_BUNDLE_IDENTIFIER = byteweavers.com.FaireWeather;
				PRODUCT_NAME = "$(TARGET_NAME)";
				SWIFT_EMIT_LOC_STRINGS = YES;
				SWIFT_VERSION = 5.0;
				TARGETED_DEVICE_FAMILY = "1,2";
			};
			name = Debug;
		};
		05A4FBD4293B0C9800E50F68 /* Release */ = {
			isa = XCBuildConfiguration;
			buildSettings = {
				ASSETCATALOG_COMPILER_APPICON_NAME = AppIcon;
				ASSETCATALOG_COMPILER_GLOBAL_ACCENT_COLOR_NAME = AccentColor;
				CODE_SIGN_STYLE = Automatic;
				CURRENT_PROJECT_VERSION = 1;
				GENERATE_INFOPLIST_FILE = YES;
				INFOPLIST_FILE = FaireWeather/Info.plist;
				INFOPLIST_KEY_UIApplicationSupportsIndirectInputEvents = YES;
				INFOPLIST_KEY_UILaunchStoryboardName = LaunchScreen;
				INFOPLIST_KEY_UIMainStoryboardFile = Main;
				INFOPLIST_KEY_UISupportedInterfaceOrientations_iPad = "UIInterfaceOrientationPortrait UIInterfaceOrientationPortraitUpsideDown UIInterfaceOrientationLandscapeLeft UIInterfaceOrientationLandscapeRight";
				INFOPLIST_KEY_UISupportedInterfaceOrientations_iPhone = "UIInterfaceOrientationPortrait UIInterfaceOrientationLandscapeLeft UIInterfaceOrientationLandscapeRight";
				LD_RUNPATH_SEARCH_PATHS = (
					"$(inherited)",
					"@executable_path/Frameworks",
				);
				MARKETING_VERSION = 1.0;
				PRODUCT_BUNDLE_IDENTIFIER = byteweavers.com.FaireWeather;
				PRODUCT_NAME = "$(TARGET_NAME)";
				SWIFT_EMIT_LOC_STRINGS = YES;
				SWIFT_VERSION = 5.0;
				TARGETED_DEVICE_FAMILY = "1,2";
			};
			name = Release;
		};
		05A4FBD6293B0C9800E50F68 /* Debug */ = {
			isa = XCBuildConfiguration;
			buildSettings = {
				ALWAYS_EMBED_SWIFT_STANDARD_LIBRARIES = YES;
				BUNDLE_LOADER = "$(TEST_HOST)";
				CODE_SIGN_STYLE = Automatic;
				CURRENT_PROJECT_VERSION = 1;
				GENERATE_INFOPLIST_FILE = YES;
				IPHONEOS_DEPLOYMENT_TARGET = 15.5;
				MARKETING_VERSION = 1.0;
				PRODUCT_BUNDLE_IDENTIFIER = byteweavers.com.FaireWeatherTests;
				PRODUCT_NAME = "$(TARGET_NAME)";
				SWIFT_EMIT_LOC_STRINGS = NO;
				SWIFT_VERSION = 5.0;
				TARGETED_DEVICE_FAMILY = "1,2";
				TEST_HOST = "$(BUILT_PRODUCTS_DIR)/FaireWeather.app/FaireWeather";
			};
			name = Debug;
		};
		05A4FBD7293B0C9800E50F68 /* Release */ = {
			isa = XCBuildConfiguration;
			buildSettings = {
				ALWAYS_EMBED_SWIFT_STANDARD_LIBRARIES = YES;
				BUNDLE_LOADER = "$(TEST_HOST)";
				CODE_SIGN_STYLE = Automatic;
				CURRENT_PROJECT_VERSION = 1;
				GENERATE_INFOPLIST_FILE = YES;
				IPHONEOS_DEPLOYMENT_TARGET = 15.5;
				MARKETING_VERSION = 1.0;
				PRODUCT_BUNDLE_IDENTIFIER = byteweavers.com.FaireWeatherTests;
				PRODUCT_NAME = "$(TARGET_NAME)";
				SWIFT_EMIT_LOC_STRINGS = NO;
				SWIFT_VERSION = 5.0;
				TARGETED_DEVICE_FAMILY = "1,2";
				TEST_HOST = "$(BUILT_PRODUCTS_DIR)/FaireWeather.app/FaireWeather";
			};
			name = Release;
		};
		05A4FBD9293B0C9800E50F68 /* Debug */ = {
			isa = XCBuildConfiguration;
			buildSettings = {
				ALWAYS_EMBED_SWIFT_STANDARD_LIBRARIES = YES;
				CODE_SIGN_STYLE = Automatic;
				CURRENT_PROJECT_VERSION = 1;
				GENERATE_INFOPLIST_FILE = YES;
				MARKETING_VERSION = 1.0;
				PRODUCT_BUNDLE_IDENTIFIER = byteweavers.com.FaireWeatherUITests;
				PRODUCT_NAME = "$(TARGET_NAME)";
				SWIFT_EMIT_LOC_STRINGS = NO;
				SWIFT_VERSION = 5.0;
				TARGETED_DEVICE_FAMILY = "1,2";
				TEST_TARGET_NAME = FaireWeather;
			};
			name = Debug;
		};
		05A4FBDA293B0C9800E50F68 /* Release */ = {
			isa = XCBuildConfiguration;
			buildSettings = {
				ALWAYS_EMBED_SWIFT_STANDARD_LIBRARIES = YES;
				CODE_SIGN_STYLE = Automatic;
				CURRENT_PROJECT_VERSION = 1;
				GENERATE_INFOPLIST_FILE = YES;
				MARKETING_VERSION = 1.0;
				PRODUCT_BUNDLE_IDENTIFIER = byteweavers.com.FaireWeatherUITests;
				PRODUCT_NAME = "$(TARGET_NAME)";
				SWIFT_EMIT_LOC_STRINGS = NO;
				SWIFT_VERSION = 5.0;
				TARGETED_DEVICE_FAMILY = "1,2";
				TEST_TARGET_NAME = FaireWeather;
			};
			name = Release;
		};
/* End XCBuildConfiguration section */

/* Begin XCConfigurationList section */
		05A4FBA3293B0C9600E50F68 /* Build configuration list for PBXProject "FaireWeather" */ = {
			isa = XCConfigurationList;
			buildConfigurations = (
				05A4FBD0293B0C9800E50F68 /* Debug */,
				05A4FBD1293B0C9800E50F68 /* Release */,
			);
			defaultConfigurationIsVisible = 0;
			defaultConfigurationName = Release;
		};
		05A4FBD2293B0C9800E50F68 /* Build configuration list for PBXNativeTarget "FaireWeather" */ = {
			isa = XCConfigurationList;
			buildConfigurations = (
				05A4FBD3293B0C9800E50F68 /* Debug */,
				05A4FBD4293B0C9800E50F68 /* Release */,
			);
			defaultConfigurationIsVisible = 0;
			defaultConfigurationName = Release;
		};
		05A4FBD5293B0C9800E50F68 /* Build configuration list for PBXNativeTarget "FaireWeatherTests" */ = {
			isa = XCConfigurationList;
			buildConfigurations = (
				05A4FBD6293B0C9800E50F68 /* Debug */,
				05A4FBD7293B0C9800E50F68 /* Release */,
			);
			defaultConfigurationIsVisible = 0;
			defaultConfigurationName = Release;
		};
		05A4FBD8293B0C9800E50F68 /* Build configuration list for PBXNativeTarget "FaireWeatherUITests" */ = {
			isa = XCConfigurationList;
			buildConfigurations = (
				05A4FBD9293B0C9800E50F68 /* Debug */,
				05A4FBDA293B0C9800E50F68 /* Release */,
			);
			defaultConfigurationIsVisible = 0;
			defaultConfigurationName = Release;
		};
/* End XCConfigurationList section */
	};
	rootObject = 05A4FBA0293B0C9600E50F68 /* Project object */;
}
